
Microsoft Visual Studio Solution File, Format Version 12.00
# Visual Studio Version 17
VisualStudioVersion = 17.1.32414.318
MinimumVisualStudioVersion = 10.0.40219.1
Project("{FAE04EC0-301F-11D3-BF4B-00C04F79EFBC}") = "PileOfShame.Api", "PileOfShame.Api\PileOfShame.Api.csproj", "{32D2F157-4428-4517-8A78-89999DB0808D}"
EndProject
Global
	GlobalSection(SolutionConfigurationPlatforms) = preSolution
		Debug|Any CPU = Debug|Any CPU
		Release|Any CPU = Release|Any CPU
	EndGlobalSection
	GlobalSection(ProjectConfigurationPlatforms) = postSolution
		{32D2F157-4428-4517-8A78-89999DB0808D}.Debug|Any CPU.ActiveCfg = Debug|Any CPU
		{32D2F157-4428-4517-8A78-89999DB0808D}.Debug|Any CPU.Build.0 = Debug|Any CPU
		{32D2F157-4428-4517-8A78-89999DB0808D}.Release|Any CPU.ActiveCfg = Release|Any CPU
		{32D2F157-4428-4517-8A78-89999DB0808D}.Release|Any CPU.Build.0 = Release|Any CPU
	EndGlobalSection
	GlobalSection(SolutionProperties) = preSolution
		HideSolutionNode = FALSE
	EndGlobalSection
	GlobalSection(ExtensibilityGlobals) = postSolution
		SolutionGuid = {23686B69-2BC4-420D-A087-F4D6476A25D5}
	EndGlobalSection
EndGlobal
